
Microsoft Visual Studio Solution File, Format Version 12.00
# Visual Studio Version 16
VisualStudioVersion = 16.0.31729.503
MinimumVisualStudioVersion = 10.0.40219.1
Project("{FAE04EC0-301F-11D3-BF4B-00C04F79EFBC}") = "EX5", "EX5\EX5.csproj", "{C6544DD7-E348-4C66-A00B-FE78C9A89E45}"
EndProject
Global
	GlobalSection(SolutionConfigurationPlatforms) = preSolution
		Debug|Any CPU = Debug|Any CPU
		Release|Any CPU = Release|Any CPU
	EndGlobalSection
	GlobalSection(ProjectConfigurationPlatforms) = postSolution
		{C6544DD7-E348-4C66-A00B-FE78C9A89E45}.Debug|Any CPU.ActiveCfg = Debug|Any CPU
		{C6544DD7-E348-4C66-A00B-FE78C9A89E45}.Debug|Any CPU.Build.0 = Debug|Any CPU
		{C6544DD7-E348-4C66-A00B-FE78C9A89E45}.Release|Any CPU.ActiveCfg = Release|Any CPU
		{C6544DD7-E348-4C66-A00B-FE78C9A89E45}.Release|Any CPU.Build.0 = Release|Any CPU
	EndGlobalSection
	GlobalSection(SolutionProperties) = preSolution
		HideSolutionNode = FALSE
	EndGlobalSection
	GlobalSection(ExtensibilityGlobals) = postSolution
		SolutionGuid = {34BA0A31-59C8-413E-BF6E-7FD4011F938D}
	EndGlobalSection
EndGlobal
