
Microsoft Visual Studio Solution File, Format Version 12.00
# Visual Studio Version 16
VisualStudioVersion = 16.0.31729.503
MinimumVisualStudioVersion = 10.0.40219.1
Project("{FAE04EC0-301F-11D3-BF4B-00C04F79EFBC}") = "ex4_gui_b", "ex4_gui_b\ex4_gui_b.csproj", "{8C62B0C5-4367-4C77-BFC2-EA7D1FDE337A}"
EndProject
Global
	GlobalSection(SolutionConfigurationPlatforms) = preSolution
		Debug|Any CPU = Debug|Any CPU
		Release|Any CPU = Release|Any CPU
	EndGlobalSection
	GlobalSection(ProjectConfigurationPlatforms) = postSolution
		{8C62B0C5-4367-4C77-BFC2-EA7D1FDE337A}.Debug|Any CPU.ActiveCfg = Debug|Any CPU
		{8C62B0C5-4367-4C77-BFC2-EA7D1FDE337A}.Debug|Any CPU.Build.0 = Debug|Any CPU
		{8C62B0C5-4367-4C77-BFC2-EA7D1FDE337A}.Release|Any CPU.ActiveCfg = Release|Any CPU
		{8C62B0C5-4367-4C77-BFC2-EA7D1FDE337A}.Release|Any CPU.Build.0 = Release|Any CPU
	EndGlobalSection
	GlobalSection(SolutionProperties) = preSolution
		HideSolutionNode = FALSE
	EndGlobalSection
	GlobalSection(ExtensibilityGlobals) = postSolution
		SolutionGuid = {088D436E-3FB0-4762-BF6B-7874DE8AF7B2}
	EndGlobalSection
EndGlobal
